
Microsoft Visual Studio Solution File, Format Version 12.00
# Visual Studio Version 17
VisualStudioVersion = 17.14.36221.1 d17.14
MinimumVisualStudioVersion = 10.0.40219.1
Project("{8BC9CEB8-8B4A-11D0-8D11-00A0C91BC942}") = "GetMainInfo", "GetMainInfo\GetMainInfo.vcxproj", "{99FEE110-4599-4DF9-A022-7CD4A72F9649}"
EndProject
Project("{8BC9CEB8-8B4A-11D0-8D11-00A0C91BC942}") = "Main", "Main\Main.vcxproj", "{8CEE92DB-9F87-4658-9B58-215C7319C44E}"
EndProject
Project("{8BC9CEB8-8B4A-11D0-8D11-00A0C91BC942}") = "Client", "Camara_EX603\Client.vcxproj", "{7B30A48F-5C42-416F-8759-2366943C4B97}"
EndProject
Project("{FAE04EC0-301F-11D3-BF4B-00C04F79EFBC}") = "MuEditor", "MuEditor EX603\MuEditor.csproj", "{C501A16E-99A7-404B-BE37-59F772396830}"
EndProject
Global
	GlobalSection(SolutionConfigurationPlatforms) = preSolution
		Debug|Any CPU = Debug|Any CPU
		Debug|x86 = Debug|x86
		Release|Any CPU = Release|Any CPU
		Release|x86 = Release|x86
	EndGlobalSection
	GlobalSection(ProjectConfigurationPlatforms) = postSolution
		{99FEE110-4599-4DF9-A022-7CD4A72F9649}.Debug|Any CPU.ActiveCfg = Debug|Win32
		{99FEE110-4599-4DF9-A022-7CD4A72F9649}.Debug|Any CPU.Build.0 = Debug|Win32
		{99FEE110-4599-4DF9-A022-7CD4A72F9649}.Debug|x86.ActiveCfg = Debug|Win32
		{99FEE110-4599-4DF9-A022-7CD4A72F9649}.Debug|x86.Build.0 = Debug|Win32
		{99FEE110-4599-4DF9-A022-7CD4A72F9649}.Release|Any CPU.ActiveCfg = Release|Win32
		{99FEE110-4599-4DF9-A022-7CD4A72F9649}.Release|Any CPU.Build.0 = Release|Win32
		{99FEE110-4599-4DF9-A022-7CD4A72F9649}.Release|x86.ActiveCfg = Release|Win32
		{99FEE110-4599-4DF9-A022-7CD4A72F9649}.Release|x86.Build.0 = Release|Win32
		{8CEE92DB-9F87-4658-9B58-215C7319C44E}.Debug|Any CPU.ActiveCfg = Debug|Win32
		{8CEE92DB-9F87-4658-9B58-215C7319C44E}.Debug|Any CPU.Build.0 = Debug|Win32
		{8CEE92DB-9F87-4658-9B58-215C7319C44E}.Debug|x86.ActiveCfg = Debug|Win32
		{8CEE92DB-9F87-4658-9B58-215C7319C44E}.Debug|x86.Build.0 = Debug|Win32
		{8CEE92DB-9F87-4658-9B58-215C7319C44E}.Release|Any CPU.ActiveCfg = Release|Win32
		{8CEE92DB-9F87-4658-9B58-215C7319C44E}.Release|Any CPU.Build.0 = Release|Win32
		{8CEE92DB-9F87-4658-9B58-215C7319C44E}.Release|x86.ActiveCfg = Release|Win32
		{8CEE92DB-9F87-4658-9B58-215C7319C44E}.Release|x86.Build.0 = Release|Win32
		{7B30A48F-5C42-416F-8759-2366943C4B97}.Debug|Any CPU.ActiveCfg = Debug|Win32
		{7B30A48F-5C42-416F-8759-2366943C4B97}.Debug|Any CPU.Build.0 = Debug|Win32
		{7B30A48F-5C42-416F-8759-2366943C4B97}.Debug|x86.ActiveCfg = Debug|Win32
		{7B30A48F-5C42-416F-8759-2366943C4B97}.Debug|x86.Build.0 = Debug|Win32
		{7B30A48F-5C42-416F-8759-2366943C4B97}.Release|Any CPU.ActiveCfg = Release|Win32
		{7B30A48F-5C42-416F-8759-2366943C4B97}.Release|Any CPU.Build.0 = Release|Win32
		{7B30A48F-5C42-416F-8759-2366943C4B97}.Release|x86.ActiveCfg = Release|Win32
		{7B30A48F-5C42-416F-8759-2366943C4B97}.Release|x86.Build.0 = Release|Win32
		{C501A16E-99A7-404B-BE37-59F772396830}.Debug|Any CPU.ActiveCfg = Debug|Any CPU
		{C501A16E-99A7-404B-BE37-59F772396830}.Debug|Any CPU.Build.0 = Debug|Any CPU
		{C501A16E-99A7-404B-BE37-59F772396830}.Debug|x86.ActiveCfg = Debug|Any CPU
		{C501A16E-99A7-404B-BE37-59F772396830}.Debug|x86.Build.0 = Debug|Any CPU
		{C501A16E-99A7-404B-BE37-59F772396830}.Release|Any CPU.ActiveCfg = Release|Any CPU
		{C501A16E-99A7-404B-BE37-59F772396830}.Release|Any CPU.Build.0 = Release|Any CPU
		{C501A16E-99A7-404B-BE37-59F772396830}.Release|x86.ActiveCfg = Release|Any CPU
		{C501A16E-99A7-404B-BE37-59F772396830}.Release|x86.Build.0 = Release|Any CPU
	EndGlobalSection
	GlobalSection(SolutionProperties) = preSolution
		HideSolutionNode = FALSE
	EndGlobalSection
	GlobalSection(ExtensibilityGlobals) = postSolution
		SolutionGuid = {FAC8DD84-E23F-4480-8C7E-E6A658BAE99D}
	EndGlobalSection
EndGlobal
