<?xml version="1.0" encoding="utf-8"?>
<Project ToolsVersion="4.0" xmlns="http://schemas.microsoft.com/developer/msbuild/2003">
  <ItemGroup>
    <Filter Include="Resource Files">
      <UniqueIdentifier>{67DA6AB6-F800-4c08-8B7A-83BB121AAD01}</UniqueIdentifier>
      <Extensions>rc;ico;cur;bmp;dlg;rc2;rct;bin;rgs;gif;jpg;jpeg;jpe;resx;tiff;tif;png;wav;mfcribbon-ms</Extensions>
    </Filter>
    <Filter Include="Util Files">
      <UniqueIdentifier>{eb75f507-b013-46e9-b375-afb6dd4aa120}</UniqueIdentifier>
    </Filter>
    <Filter Include="Custom">
      <UniqueIdentifier>{389b1bd3-005c-493f-8e4d-756e2b225f07}</UniqueIdentifier>
    </Filter>
    <Filter Include="Shared">
      <UniqueIdentifier>{bbe44615-d5ab-47a7-a03b-94d60b670679}</UniqueIdentifier>
    </Filter>
    <Filter Include="Util">
      <UniqueIdentifier>{e66a8d1b-b9e4-497f-a956-130b165097bc}</UniqueIdentifier>
    </Filter>
    <Filter Include="GetMainInfo">
      <UniqueIdentifier>{177b538a-28b2-476a-93c1-1994a463cb3a}</UniqueIdentifier>
    </Filter>
  </ItemGroup>
  <ItemGroup>
    <ClInclude Include="..\..\Util\CCRC32.H">
      <Filter>Util Files</Filter>
    </ClInclude>
    <ClInclude Include="CustomItem.h">
      <Filter>Custom</Filter>
    </ClInclude>
    <ClInclude Include="CustomJewel.h">
      <Filter>Custom</Filter>
    </ClInclude>
    <ClInclude Include="CustomMessage.h">
      <Filter>Custom</Filter>
    </ClInclude>
    <ClInclude Include="CustomWing.h">
      <Filter>Custom</Filter>
    </ClInclude>
    <ClInclude Include="CustomWIngEffect.h">
      <Filter>Custom</Filter>
    </ClInclude>
    <ClInclude Include="resource.h">
      <Filter>Shared</Filter>
    </ClInclude>
    <ClInclude Include="stdafx.h">
      <Filter>Shared</Filter>
    </ClInclude>
    <ClInclude Include="ThemidaSDK.h">
      <Filter>Shared</Filter>
    </ClInclude>
    <ClInclude Include="MemScript.h">
      <Filter>Util</Filter>
    </ClInclude>
  </ItemGroup>
  <ItemGroup>
    <ClCompile Include="..\..\Util\CCRC32.Cpp">
      <Filter>Util Files</Filter>
    </ClCompile>
    <ClCompile Include="CustomItem.cpp">
      <Filter>Custom</Filter>
    </ClCompile>
    <ClCompile Include="CustomJewel.cpp">
      <Filter>Custom</Filter>
    </ClCompile>
    <ClCompile Include="CustomMessage.cpp">
      <Filter>Custom</Filter>
    </ClCompile>
    <ClCompile Include="CustomWing.cpp">
      <Filter>Custom</Filter>
    </ClCompile>
    <ClCompile Include="CustomWIngEffect.cpp">
      <Filter>Custom</Filter>
    </ClCompile>
    <ClCompile Include="stdafx.cpp">
      <Filter>Shared</Filter>
    </ClCompile>
    <ClCompile Include="MemScript.cpp">
      <Filter>Util</Filter>
    </ClCompile>
    <ClCompile Include="GetMainInfo.cpp">
      <Filter>GetMainInfo</Filter>
    </ClCompile>
  </ItemGroup>
  <ItemGroup>
    <ResourceCompile Include="GetMainInfo.rc">
      <Filter>Resource Files</Filter>
    </ResourceCompile>
  </ItemGroup>
</Project>