<?xml version="1.0" encoding="utf-8"?>
<Project ToolsVersion="4.0" xmlns="http://schemas.microsoft.com/developer/msbuild/2003">
  <ItemGroup>
    <ClCompile Include="..\..\Util\CCRC32.Cpp" />
    <ClCompile Include="Common.cpp" />
    <ClCompile Include="CustomInterface.cpp" />
    <ClCompile Include="CustomItem.cpp" />
    <ClCompile Include="CustomJewel.cpp" />
    <ClCompile Include="CustomMessage.cpp" />
    <ClCompile Include="CustomPing.cpp" />
    <ClCompile Include="CustomWing.cpp" />
    <ClCompile Include="CustomWingEffect.cpp" />
    <ClCompile Include="HackCheck.cpp" />
    <ClCompile Include="HealthBar.cpp" />
    <ClCompile Include="Item.cpp" />
    <ClCompile Include="Main.cpp" />
    <ClCompile Include="MemoryPatcher.cpp" />
    <ClCompile Include="PacketManager.cpp" />
    <ClCompile Include="PrintPlayer.cpp" />
    <ClCompile Include="Protect.cpp" />
    <ClCompile Include="Protocol.cpp" />
    <ClCompile Include="Reconnect.cpp" />
    <ClCompile Include="Resolution.cpp" />
    <ClCompile Include="stdafx.cpp" />
    <ClCompile Include="UIBase.cpp" />
    <ClCompile Include="Util.cpp" />
  </ItemGroup>
  <ItemGroup>
    <ClInclude Include="..\..\Util\CCRC32.H" />
    <ClInclude Include="Common.h" />
    <ClInclude Include="CustomInterface.h" />
    <ClInclude Include="CustomItem.h" />
    <ClInclude Include="CustomJewel.h" />
    <ClInclude Include="CustomMessage.h" />
    <ClInclude Include="CustomPing.h" />
    <ClInclude Include="CustomWing.h" />
    <ClInclude Include="CustomWingEffect.h" />
    <ClInclude Include="HackCheck.h" />
    <ClInclude Include="HealthBar.h" />
    <ClInclude Include="Item.h" />
    <ClInclude Include="Main.h" />
    <ClInclude Include="MemoryPatcher.h" />
    <ClInclude Include="MuClientAPI.h" />
    <ClInclude Include="MuConstants.h" />
    <ClInclude Include="Offset.h" />
    <ClInclude Include="PacketManager.h" />
    <ClInclude Include="PrintPlayer.h" />
    <ClInclude Include="Protect.h" />
    <ClInclude Include="Protocol.h" />
    <ClInclude Include="Reconnect.h" />
    <ClInclude Include="Resolution.h" />
    <ClInclude Include="resource.h" />
    <ClInclude Include="stdafx.h" />
    <ClInclude Include="UIBase.h" />
    <ClInclude Include="Util.h" />
  </ItemGroup>
  <ItemGroup>
    <ResourceCompile Include="Main.rc" />
  </ItemGroup>
  <ItemGroup>
    <None Include="AddressTable1.bin" />
    <None Include="AddressTable2.bin" />
    <None Include="AddressTable3.bin" />
  </ItemGroup>
</Project>